
Microsoft Visual Studio Solution File, Format Version 12.00
# Visual Studio 2012
Project("{FAE04EC0-301F-11D3-BF4B-00C04F79EFBC}") = "Wide.Interfaces", "Src\Wide.Interfaces\Wide.Interfaces.csproj", "{9F20F5EF-4F7E-4AE2-A462-4CD2256FB3FF}"
EndProject
Project("{FAE04EC0-301F-11D3-BF4B-00C04F79EFBC}") = "Wide.Core", "Src\Wide.Core\Wide.Core.csproj", "{2155B852-E4EC-4BD1-9255-21CFAEADF268}"
EndProject
Project("{FAE04EC0-301F-11D3-BF4B-00C04F79EFBC}") = "Wide.Splash", "Src\Wide.Splash\Wide.Splash.csproj", "{F5BFB5BD-08A3-46CF-A967-7D45772D9877}"
EndProject
Project("{FAE04EC0-301F-11D3-BF4B-00C04F79EFBC}") = "Wide.Tools.Logger", "Src\Wide.Tools.Logger\Wide.Tools.Logger.csproj", "{982D3282-82A0-4586-99ED-F60D2FD67517}"
EndProject
Project("{2150E333-8FDC-42A3-9474-1A3956D46DE8}") = "Infrastructure", "Infrastructure", "{A1E44474-A9D9-46BD-B1A1-3DEE8C61B7AD}"
EndProject
Project("{2150E333-8FDC-42A3-9474-1A3956D46DE8}") = "Modules", "Modules", "{92EB10BB-F612-4C23-84BA-95A5D64F851B}"
EndProject
Project("{2150E333-8FDC-42A3-9474-1A3956D46DE8}") = "Test", "Test", "{4A44F9E9-0B25-4511-AB6D-2BB3E44DA808}"
EndProject
Project("{FAE04EC0-301F-11D3-BF4B-00C04F79EFBC}") = "Wide.Shell", "Src\Wide.Shell\Wide.Shell.csproj", "{117809DE-4800-479B-BCA7-1D5AA6DBE30F}"
EndProject
Project("{FAE04EC0-301F-11D3-BF4B-00C04F79EFBC}") = "Wide.Settings", "Src\Wide.Settings\Wide.Settings.csproj", "{EC4B20C3-DF90-40F1-8547-ADCFCEBE5B81}"
EndProject
Project("{FAE04EC0-301F-11D3-BF4B-00C04F79EFBC}") = "VS2010TestApp", "Src\Test\VS2010\VS2010TestApp.csproj", "{7121ACBA-A770-43A5-BE0A-3195A2182F11}"
EndProject
Global
	GlobalSection(SolutionConfigurationPlatforms) = preSolution
		Debug|Any CPU = Debug|Any CPU
		Release|Any CPU = Release|Any CPU
	EndGlobalSection
	GlobalSection(ProjectConfigurationPlatforms) = postSolution
		{9F20F5EF-4F7E-4AE2-A462-4CD2256FB3FF}.Debug|Any CPU.ActiveCfg = Debug|Any CPU
		{9F20F5EF-4F7E-4AE2-A462-4CD2256FB3FF}.Debug|Any CPU.Build.0 = Debug|Any CPU
		{9F20F5EF-4F7E-4AE2-A462-4CD2256FB3FF}.Release|Any CPU.ActiveCfg = Release|Any CPU
		{9F20F5EF-4F7E-4AE2-A462-4CD2256FB3FF}.Release|Any CPU.Build.0 = Release|Any CPU
		{2155B852-E4EC-4BD1-9255-21CFAEADF268}.Debug|Any CPU.ActiveCfg = Debug|Any CPU
		{2155B852-E4EC-4BD1-9255-21CFAEADF268}.Debug|Any CPU.Build.0 = Debug|Any CPU
		{2155B852-E4EC-4BD1-9255-21CFAEADF268}.Release|Any CPU.ActiveCfg = Release|Any CPU
		{2155B852-E4EC-4BD1-9255-21CFAEADF268}.Release|Any CPU.Build.0 = Release|Any CPU
		{F5BFB5BD-08A3-46CF-A967-7D45772D9877}.Debug|Any CPU.ActiveCfg = Debug|Any CPU
		{F5BFB5BD-08A3-46CF-A967-7D45772D9877}.Debug|Any CPU.Build.0 = Debug|Any CPU
		{F5BFB5BD-08A3-46CF-A967-7D45772D9877}.Release|Any CPU.ActiveCfg = Release|Any CPU
		{F5BFB5BD-08A3-46CF-A967-7D45772D9877}.Release|Any CPU.Build.0 = Release|Any CPU
		{982D3282-82A0-4586-99ED-F60D2FD67517}.Debug|Any CPU.ActiveCfg = Debug|Any CPU
		{982D3282-82A0-4586-99ED-F60D2FD67517}.Debug|Any CPU.Build.0 = Debug|Any CPU
		{982D3282-82A0-4586-99ED-F60D2FD67517}.Release|Any CPU.ActiveCfg = Release|Any CPU
		{982D3282-82A0-4586-99ED-F60D2FD67517}.Release|Any CPU.Build.0 = Release|Any CPU
		{117809DE-4800-479B-BCA7-1D5AA6DBE30F}.Debug|Any CPU.ActiveCfg = Debug|Any CPU
		{117809DE-4800-479B-BCA7-1D5AA6DBE30F}.Debug|Any CPU.Build.0 = Debug|Any CPU
		{117809DE-4800-479B-BCA7-1D5AA6DBE30F}.Release|Any CPU.ActiveCfg = Release|Any CPU
		{117809DE-4800-479B-BCA7-1D5AA6DBE30F}.Release|Any CPU.Build.0 = Release|Any CPU
		{EC4B20C3-DF90-40F1-8547-ADCFCEBE5B81}.Debug|Any CPU.ActiveCfg = Debug|Any CPU
		{EC4B20C3-DF90-40F1-8547-ADCFCEBE5B81}.Debug|Any CPU.Build.0 = Debug|Any CPU
		{EC4B20C3-DF90-40F1-8547-ADCFCEBE5B81}.Release|Any CPU.ActiveCfg = Release|Any CPU
		{EC4B20C3-DF90-40F1-8547-ADCFCEBE5B81}.Release|Any CPU.Build.0 = Release|Any CPU
		{7121ACBA-A770-43A5-BE0A-3195A2182F11}.Debug|Any CPU.ActiveCfg = Debug|Any CPU
		{7121ACBA-A770-43A5-BE0A-3195A2182F11}.Debug|Any CPU.Build.0 = Debug|Any CPU
		{7121ACBA-A770-43A5-BE0A-3195A2182F11}.Release|Any CPU.ActiveCfg = Release|Any CPU
		{7121ACBA-A770-43A5-BE0A-3195A2182F11}.Release|Any CPU.Build.0 = Release|Any CPU
	EndGlobalSection
	GlobalSection(SolutionProperties) = preSolution
		HideSolutionNode = FALSE
	EndGlobalSection
	GlobalSection(NestedProjects) = preSolution
		{7121ACBA-A770-43A5-BE0A-3195A2182F11} = {4A44F9E9-0B25-4511-AB6D-2BB3E44DA808}
		{2155B852-E4EC-4BD1-9255-21CFAEADF268} = {A1E44474-A9D9-46BD-B1A1-3DEE8C61B7AD}
		{9F20F5EF-4F7E-4AE2-A462-4CD2256FB3FF} = {A1E44474-A9D9-46BD-B1A1-3DEE8C61B7AD}
		{117809DE-4800-479B-BCA7-1D5AA6DBE30F} = {A1E44474-A9D9-46BD-B1A1-3DEE8C61B7AD}
		{982D3282-82A0-4586-99ED-F60D2FD67517} = {92EB10BB-F612-4C23-84BA-95A5D64F851B}
		{F5BFB5BD-08A3-46CF-A967-7D45772D9877} = {92EB10BB-F612-4C23-84BA-95A5D64F851B}
		{EC4B20C3-DF90-40F1-8547-ADCFCEBE5B81} = {92EB10BB-F612-4C23-84BA-95A5D64F851B}
	EndGlobalSection
EndGlobal
